
Microsoft Visual Studio Solution File, Format Version 12.00
Project("{FAE04EC0-301F-11D3-BF4B-00C04F79EFBC}") = "FriendToNetWebDevelopers.GenericNameValueCollection", "FriendToNetWebDevelopers.GenericNameValueCollection\FriendToNetWebDevelopers.GenericNameValueCollection.csproj", "{9DAD3E16-8B87-4328-8341-7B3981E288EE}"
EndProject
Project("{FAE04EC0-301F-11D3-BF4B-00C04F79EFBC}") = "FriendToNetWebDevelopers.GenericNameValueCollection.Tests", "FriendToNetWebDevelopers.GenericNameValueCollection.Tests\FriendToNetWebDevelopers.GenericNameValueCollection.Tests.csproj", "{73C4C010-F5E8-41A3-B748-0231B934D3BA}"
EndProject
Project("{2150E333-8FDC-42A3-9474-1A3956D46DE8}") = "FriendToNetWebDevelopers.GenericNameValueCollection.SolutionItems", "FriendToNetWebDevelopers.GenericNameValueCollection.SolutionItems", "{963C4FDC-27BC-462A-A72D-ECEB7214B4F0}"
	ProjectSection(SolutionItems) = preProject
		.gitignore = .gitignore
		LICENSE = LICENSE
		README.md = README.md
	EndProjectSection
EndProject
Global
	GlobalSection(SolutionConfigurationPlatforms) = preSolution
		Debug|Any CPU = Debug|Any CPU
		Release|Any CPU = Release|Any CPU
	EndGlobalSection
	GlobalSection(ProjectConfigurationPlatforms) = postSolution
		{9DAD3E16-8B87-4328-8341-7B3981E288EE}.Debug|Any CPU.ActiveCfg = Debug|Any CPU
		{9DAD3E16-8B87-4328-8341-7B3981E288EE}.Debug|Any CPU.Build.0 = Debug|Any CPU
		{9DAD3E16-8B87-4328-8341-7B3981E288EE}.Release|Any CPU.ActiveCfg = Release|Any CPU
		{9DAD3E16-8B87-4328-8341-7B3981E288EE}.Release|Any CPU.Build.0 = Release|Any CPU
		{73C4C010-F5E8-41A3-B748-0231B934D3BA}.Debug|Any CPU.ActiveCfg = Debug|Any CPU
		{73C4C010-F5E8-41A3-B748-0231B934D3BA}.Debug|Any CPU.Build.0 = Debug|Any CPU
		{73C4C010-F5E8-41A3-B748-0231B934D3BA}.Release|Any CPU.ActiveCfg = Release|Any CPU
		{73C4C010-F5E8-41A3-B748-0231B934D3BA}.Release|Any CPU.Build.0 = Release|Any CPU
	EndGlobalSection
EndGlobal
